// !$*UTF8*$!
{
	archiveVersion = 1;
	classes = {
	};
	objectVersion = 55;
	objects = {

/* Begin PBXBuildFile section */
		2432193228C7F7CF00CBDE08 /* AppDelegate.swift in Sources */ = {isa = PBXBuildFile; fileRef = 2432193128C7F7CF00CBDE08 /* AppDelegate.swift */; };
		2432193428C7F7CF00CBDE08 /* SceneDelegate.swift in Sources */ = {isa = PBXBuildFile; fileRef = 2432193328C7F7CF00CBDE08 /* SceneDelegate.swift */; };
		2432193628C7F7CF00CBDE08 /* ViewController.swift in Sources */ = {isa = PBXBuildFile; fileRef = 2432193528C7F7CF00CBDE08 /* ViewController.swift */; };
		2432193928C7F7CF00CBDE08 /* Main.storyboard in Resources */ = {isa = PBXBuildFile; fileRef = 2432193728C7F7CF00CBDE08 /* Main.storyboard */; };
		2432193B28C7F7D100CBDE08 /* Assets.xcassets in Resources */ = {isa = PBXBuildFile; fileRef = 2432193A28C7F7D100CBDE08 /* Assets.xcassets */; };
		2432193E28C7F7D100CBDE08 /* LaunchScreen.storyboard in Resources */ = {isa = PBXBuildFile; fileRef = 2432193C28C7F7D100CBDE08 /* LaunchScreen.storyboard */; };
		2432194928C7F7D100CBDE08 /* I_am_richTests.swift in Sources */ = {isa = PBXBuildFile; fileRef = 2432194828C7F7D100CBDE08 /* I_am_richTests.swift */; };
		2432195328C7F7D100CBDE08 /* I_am_richUITests.swift in Sources */ = {isa = PBXBuildFile; fileRef = 2432195228C7F7D100CBDE08 /* I_am_richUITests.swift */; };
		2432195528C7F7D100CBDE08 /* I_am_richUITestsLaunchTests.swift in Sources */ = {isa = PBXBuildFile; fileRef = 2432195428C7F7D100CBDE08 /* I_am_richUITestsLaunchTests.swift */; };
/* End PBXBuildFile section */

/* Begin PBXContainerItemProxy section */
		2432194528C7F7D100CBDE08 /* PBXContainerItemProxy */ = {
			isa = PBXContainerItemProxy;
			containerPortal = 2432192628C7F7CF00CBDE08 /* Project object */;
			proxyType = 1;
			remoteGlobalIDString = 2432192D28C7F7CF00CBDE08;
			remoteInfo = "I am rich";
		};
		2432194F28C7F7D100CBDE08 /* PBXContainerItemProxy */ = {
			isa = PBXContainerItemProxy;
			containerPortal = 2432192628C7F7CF00CBDE08 /* Project object */;
			proxyType = 1;
			remoteGlobalIDString = 2432192D28C7F7CF00CBDE08;
			remoteInfo = "I am rich";
		};
/* End PBXContainerItemProxy section */

/* Begin PBXFileReference section */
		2432192E28C7F7CF00CBDE08 /* I am rich.app */ = {isa = PBXFileReference; explicitFileType = wrapper.application; includeInIndex = 0; path = "I am rich.app"; sourceTree = BUILT_PRODUCTS_DIR; };
		2432193128C7F7CF00CBDE08 /* AppDelegate.swift */ = {isa = PBXFileReference; lastKnownFileType = sourcecode.swift; path = AppDelegate.swift; sourceTree = "<group>"; };
		2432193328C7F7CF00CBDE08 /* SceneDelegate.swift */ = {isa = PBXFileReference; lastKnownFileType = sourcecode.swift; path = SceneDelegate.swift; sourceTree = "<group>"; };
		2432193528C7F7CF00CBDE08 /* ViewController.swift */ = {isa = PBXFileReference; lastKnownFileType = sourcecode.swift; path = ViewController.swift; sourceTree = "<group>"; };
		2432193828C7F7CF00CBDE08 /* Base */ = {isa = PBXFileReference; lastKnownFileType = file.storyboard; name = Base; path = Base.lproj/Main.storyboard; sourceTree = "<group>"; };
		2432193A28C7F7D100CBDE08 /* Assets.xcassets */ = {isa = PBXFileReference; lastKnownFileType = folder.assetcatalog; path = Assets.xcassets; sourceTree = "<group>"; };
		2432193D28C7F7D100CBDE08 /* Base */ = {isa = PBXFileReference; lastKnownFileType = file.storyboard; name = Base; path = Base.lproj/LaunchScreen.storyboard; sourceTree = "<group>"; };
		2432193F28C7F7D100CBDE08 /* Info.plist */ = {isa = PBXFileReference; lastKnownFileType = text.plist.xml; path = Info.plist; sourceTree = "<group>"; };
		2432194428C7F7D100CBDE08 /* I am richTests.xctest */ = {isa = PBXFileReference; explicitFileType = wrapper.cfbundle; includeInIndex = 0; path = "I am richTests.xctest"; sourceTree = BUILT_PRODUCTS_DIR; };
		2432194828C7F7D100CBDE08 /* I_am_richTests.swift */ = {isa = PBXFileReference; lastKnownFileType = sourcecode.swift; path = I_am_richTests.swift; sourceTree = "<group>"; };
		2432194E28C7F7D100CBDE08 /* I am richUITests.xctest */ = {isa = PBXFileReference; explicitFileType = wrapper.cfbundle; includeInIndex = 0; path = "I am richUITests.xctest"; sourceTree = BUILT_PRODUCTS_DIR; };
		2432195228C7F7D100CBDE08 /* I_am_richUITests.swift */ = {isa = PBXFileReference; lastKnownFileType = sourcecode.swift; path = I_am_richUITests.swift; sourceTree = "<group>"; };
		2432195428C7F7D100CBDE08 /* I_am_richUITestsLaunchTests.swift */ = {isa = PBXFileReference; lastKnownFileType = sourcecode.swift; path = I_am_richUITestsLaunchTests.swift; sourceTree = "<group>"; };
/* End PBXFileReference section */

/* Begin PBXFrameworksBuildPhase section */
		2432192B28C7F7CF00CBDE08 /* Frameworks */ = {
			isa = PBXFrameworksBuildPhase;
			buildActionMask = 2147483647;
			files = (
			);
			runOnlyForDeploymentPostprocessing = 0;
		};
		2432194128C7F7D100CBDE08 /* Frameworks */ = {
			isa = PBXFrameworksBuildPhase;
			buildActionMask = 2147483647;
			files = (
			);
			runOnlyForDeploymentPostprocessing = 0;
		};
		2432194B28C7F7D100CBDE08 /* Frameworks */ = {
			isa = PBXFrameworksBuildPhase;
			buildActionMask = 2147483647;
			files = (
			);
			runOnlyForDeploymentPostprocessing = 0;
		};
/* End PBXFrameworksBuildPhase section */

/* Begin PBXGroup section */
		2432192528C7F7CF00CBDE08 = {
			isa = PBXGroup;
			children = (
				2432193028C7F7CF00CBDE08 /* I am rich */,
				2432194728C7F7D100CBDE08 /* I am richTests */,
				2432195128C7F7D100CBDE08 /* I am richUITests */,
				2432192F28C7F7CF00CBDE08 /* Products */,
			);
			sourceTree = "<group>";
		};
		2432192F28C7F7CF00CBDE08 /* Products */ = {
			isa = PBXGroup;
			children = (
				2432192E28C7F7CF00CBDE08 /* I am rich.app */,
				2432194428C7F7D100CBDE08 /* I am richTests.xctest */,
				2432194E28C7F7D100CBDE08 /* I am richUITests.xctest */,
			);
			name = Products;
			sourceTree = "<group>";
		};
		2432193028C7F7CF00CBDE08 /* I am rich */ = {
			isa = PBXGroup;
			children = (
				2432193128C7F7CF00CBDE08 /* AppDelegate.swift */,
				2432193328C7F7CF00CBDE08 /* SceneDelegate.swift */,
				2432193528C7F7CF00CBDE08 /* ViewController.swift */,
				2432193728C7F7CF00CBDE08 /* Main.storyboard */,
				2432193A28C7F7D100CBDE08 /* Assets.xcassets */,
				2432193C28C7F7D100CBDE08 /* LaunchScreen.storyboard */,
				2432193F28C7F7D100CBDE08 /* Info.plist */,
			);
			path = "I am rich";
			sourceTree = "<group>";
		};
		2432194728C7F7D100CBDE08 /* I am richTests */ = {
			isa = PBXGroup;
			children = (
				2432194828C7F7D100CBDE08 /* I_am_richTests.swift */,
			);
			path = "I am richTests";
			sourceTree = "<group>";
		};
		2432195128C7F7D100CBDE08 /* I am richUITests */ = {
			isa = PBXGroup;
			children = (
				2432195228C7F7D100CBDE08 /* I_am_richUITests.swift */,
				2432195428C7F7D100CBDE08 /* I_am_richUITestsLaunchTests.swift */,
			);
			path = "I am richUITests";
			sourceTree = "<group>";
		};
/* End PBXGroup section */

/* Begin PBXNativeTarget section */
		2432192D28C7F7CF00CBDE08 /* I am rich */ = {
			isa = PBXNativeTarget;
			buildConfigurationList = 2432195828C7F7D100CBDE08 /* Build configuration list for PBXNativeTarget "I am rich" */;
			buildPhases = (
				2432192A28C7F7CF00CBDE08 /* Sources */,
				2432192B28C7F7CF00CBDE08 /* Frameworks */,
				2432192C28C7F7CF00CBDE08 /* Resources */,
			);
			buildRules = (
			);
			dependencies = (
			);
			name = "I am rich";
			productName = "I am rich";
			productReference = 2432192E28C7F7CF00CBDE08 /* I am rich.app */;
			productType = "com.apple.product-type.application";
		};
		2432194328C7F7D100CBDE08 /* I am richTests */ = {
			isa = PBXNativeTarget;
			buildConfigurationList = 2432195B28C7F7D100CBDE08 /* Build configuration list for PBXNativeTarget "I am richTests" */;
			buildPhases = (
				2432194028C7F7D100CBDE08 /* Sources */,
				2432194128C7F7D100CBDE08 /* Frameworks */,
				2432194228C7F7D100CBDE08 /* Resources */,
			);
			buildRules = (
			);
			dependencies = (
				2432194628C7F7D100CBDE08 /* PBXTargetDependency */,
			);
			name = "I am richTests";
			productName = "I am richTests";
			productReference = 2432194428C7F7D100CBDE08 /* I am richTests.xctest */;
			productType = "com.apple.product-type.bundle.unit-test";
		};
		2432194D28C7F7D100CBDE08 /* I am richUITests */ = {
			isa = PBXNativeTarget;
			buildConfigurationList = 2432195E28C7F7D100CBDE08 /* Build configuration list for PBXNativeTarget "I am richUITests" */;
			buildPhases = (
				2432194A28C7F7D100CBDE08 /* Sources */,
				2432194B28C7F7D100CBDE08 /* Frameworks */,
				2432194C28C7F7D100CBDE08 /* Resources */,
			);
			buildRules = (
			);
			dependencies = (
				2432195028C7F7D100CBDE08 /* PBXTargetDependency */,
			);
			name = "I am richUITests";
			productName = "I am richUITests";
			productReference = 2432194E28C7F7D100CBDE08 /* I am richUITests.xctest */;
			productType = "com.apple.product-type.bundle.ui-testing";
		};
/* End PBXNativeTarget section */

/* Begin PBXProject section */
		2432192628C7F7CF00CBDE08 /* Project object */ = {
			isa = PBXProject;
			attributes = {
				BuildIndependentTargetsInParallel = 1;
				LastSwiftUpdateCheck = 1340;
				LastUpgradeCheck = 1340;
				TargetAttributes = {
					2432192D28C7F7CF00CBDE08 = {
						CreatedOnToolsVersion = 13.4.1;
					};
					2432194328C7F7D100CBDE08 = {
						CreatedOnToolsVersion = 13.4.1;
						TestTargetID = 2432192D28C7F7CF00CBDE08;
					};
					2432194D28C7F7D100CBDE08 = {
						CreatedOnToolsVersion = 13.4.1;
						TestTargetID = 2432192D28C7F7CF00CBDE08;
					};
				};
			};
			buildConfigurationList = 2432192928C7F7CF00CBDE08 /* Build configuration list for PBXProject "I am rich" */;
			compatibilityVersion = "Xcode 13.0";
			developmentRegion = en;
			hasScannedForEncodings = 0;
			knownRegions = (
				en,
				Base,
			);
			mainGroup = 2432192528C7F7CF00CBDE08;
			productRefGroup = 2432192F28C7F7CF00CBDE08 /* Products */;
			projectDirPath = "";
			projectRoot = "";
			targets = (
				2432192D28C7F7CF00CBDE08 /* I am rich */,
				2432194328C7F7D100CBDE08 /* I am richTests */,
				2432194D28C7F7D100CBDE08 /* I am richUITests */,
			);
		};
/* End PBXProject section */

/* Begin PBXResourcesBuildPhase section */
		2432192C28C7F7CF00CBDE08 /* Resources */ = {
			isa = PBXResourcesBuildPhase;
			buildActionMask = 2147483647;
			files = (
				2432193E28C7F7D100CBDE08 /* LaunchScreen.storyboard in Resources */,
				2432193B28C7F7D100CBDE08 /* Assets.xcassets in Resources */,
				2432193928C7F7CF00CBDE08 /* Main.storyboard in Resources */,
			);
			runOnlyForDeploymentPostprocessing = 0;
		};
		2432194228C7F7D100CBDE08 /* Resources */ = {
			isa = PBXResourcesBuildPhase;
			buildActionMask = 2147483647;
			files = (
			);
			runOnlyForDeploymentPostprocessing = 0;
		};
		2432194C28C7F7D100CBDE08 /* Resources */ = {
			isa = PBXResourcesBuildPhase;
			buildActionMask = 2147483647;
			files = (
			);
			runOnlyForDeploymentPostprocessing = 0;
		};
/* End PBXResourcesBuildPhase section */

/* Begin PBXSourcesBuildPhase section */
		2432192A28C7F7CF00CBDE08 /* Sources */ = {
			isa = PBXSourcesBuildPhase;
			buildActionMask = 2147483647;
			files = (
				2432193628C7F7CF00CBDE08 /* ViewController.swift in Sources */,
				2432193228C7F7CF00CBDE08 /* AppDelegate.swift in Sources */,
				2432193428C7F7CF00CBDE08 /* SceneDelegate.swift in Sources */,
			);
			runOnlyForDeploymentPostprocessing = 0;
		};
		2432194028C7F7D100CBDE08 /* Sources */ = {
			isa = PBXSourcesBuildPhase;
			buildActionMask = 2147483647;
			files = (
				2432194928C7F7D100CBDE08 /* I_am_richTests.swift in Sources */,
			);
			runOnlyForDeploymentPostprocessing = 0;
		};
		2432194A28C7F7D100CBDE08 /* Sources */ = {
			isa = PBXSourcesBuildPhase;
			buildActionMask = 2147483647;
			files = (
				2432195528C7F7D100CBDE08 /* I_am_richUITestsLaunchTests.swift in Sources */,
				2432195328C7F7D100CBDE08 /* I_am_richUITests.swift in Sources */,
			);
			runOnlyForDeploymentPostprocessing = 0;
		};
/* End PBXSourcesBuildPhase section */

/* Begin PBXTargetDependency section */
		2432194628C7F7D100CBDE08 /* PBXTargetDependency */ = {
			isa = PBXTargetDependency;
			target = 2432192D28C7F7CF00CBDE08 /* I am rich */;
			targetProxy = 2432194528C7F7D100CBDE08 /* PBXContainerItemProxy */;
		};
		2432195028C7F7D100CBDE08 /* PBXTargetDependency */ = {
			isa = PBXTargetDependency;
			target = 2432192D28C7F7CF00CBDE08 /* I am rich */;
			targetProxy = 2432194F28C7F7D100CBDE08 /* PBXContainerItemProxy */;
		};
/* End PBXTargetDependency section */

/* Begin PBXVariantGroup section */
		2432193728C7F7CF00CBDE08 /* Main.storyboard */ = {
			isa = PBXVariantGroup;
			children = (
				2432193828C7F7CF00CBDE08 /* Base */,
			);
			name = Main.storyboard;
			sourceTree = "<group>";
		};
		2432193C28C7F7D100CBDE08 /* LaunchScreen.storyboard */ = {
			isa = PBXVariantGroup;
			children = (
				2432193D28C7F7D100CBDE08 /* Base */,
			);
			name = LaunchScreen.storyboard;
			sourceTree = "<group>";
		};
/* End PBXVariantGroup section */

/* Begin XCBuildConfiguration section */
		2432195628C7F7D100CBDE08 /* Debug */ = {
			isa = XCBuildConfiguration;
			buildSettings = {
				ALWAYS_SEARCH_USER_PATHS = NO;
				CLANG_ANALYZER_NONNULL = YES;
				CLANG_ANALYZER_NUMBER_OBJECT_CONVERSION = YES_AGGRESSIVE;
				CLANG_CXX_LANGUAGE_STANDARD = "gnu++17";
				CLANG_ENABLE_MODULES = YES;
				CLANG_ENABLE_OBJC_ARC = YES;
				CLANG_ENABLE_OBJC_WEAK = YES;
				CLANG_WARN_BLOCK_CAPTURE_AUTORELEASING = YES;
				CLANG_WARN_BOOL_CONVERSION = YES;
				CLANG_WARN_COMMA = YES;
				CLANG_WARN_CONSTANT_CONVERSION = YES;
				CLANG_WARN_DEPRECATED_OBJC_IMPLEMENTATIONS = YES;
				CLANG_WARN_DIRECT_OBJC_ISA_USAGE = YES_ERROR;
				CLANG_WARN_DOCUMENTATION_COMMENTS = YES;
				CLANG_WARN_EMPTY_BODY = YES;
				CLANG_WARN_ENUM_CONVERSION = YES;
				CLANG_WARN_INFINITE_RECURSION = YES;
				CLANG_WARN_INT_CONVERSION = YES;
				CLANG_WARN_NON_LITERAL_NULL_CONVERSION = YES;
				CLANG_WARN_OBJC_IMPLICIT_RETAIN_SELF = YES;
				CLANG_WARN_OBJC_LITERAL_CONVERSION = YES;
				CLANG_WARN_OBJC_ROOT_CLASS = YES_ERROR;
				CLANG_WARN_QUOTED_INCLUDE_IN_FRAMEWORK_HEADER = YES;
				CLANG_WARN_RANGE_LOOP_ANALYSIS = YES;
				CLANG_WARN_STRICT_PROTOTYPES = YES;
				CLANG_WARN_SUSPICIOUS_MOVE = YES;
				CLANG_WARN_UNGUARDED_AVAILABILITY = YES_AGGRESSIVE;
				CLANG_WARN_UNREACHABLE_CODE = YES;
				CLANG_WARN__DUPLICATE_METHOD_MATCH = YES;
				COPY_PHASE_STRIP = NO;
				DEBUG_INFORMATION_FORMAT = dwarf;
				ENABLE_STRICT_OBJC_MSGSEND = YES;
				ENABLE_TESTABILITY = YES;
				GCC_C_LANGUAGE_STANDARD = gnu11;
				GCC_DYNAMIC_NO_PIC = NO;
				GCC_NO_COMMON_BLOCKS = YES;
				GCC_OPTIMIZATION_LEVEL = 0;
				GCC_PREPROCESSOR_DEFINITIONS = (
					"DEBUG=1",
					"$(inherited)",
				);
				GCC_WARN_64_TO_32_BIT_CONVERSION = YES;
				GCC_WARN_ABOUT_RETURN_TYPE = YES_ERROR;
				GCC_WARN_UNDECLARED_SELECTOR = YES;
				GCC_WARN_UNINITIALIZED_AUTOS = YES_AGGRESSIVE;
				GCC_WARN_UNUSED_FUNCTION = YES;
				GCC_WARN_UNUSED_VARIABLE = YES;
				IPHONEOS_DEPLOYMENT_TARGET = 15.5;
				MTL_ENABLE_DEBUG_INFO = INCLUDE_SOURCE;
				MTL_FAST_MATH = YES;
				ONLY_ACTIVE_ARCH = YES;
				SDKROOT = iphoneos;
				SWIFT_ACTIVE_COMPILATION_CONDITIONS = DEBUG;
				SWIFT_OPTIMIZATION_LEVEL = "-Onone";
			};
			name = Debug;
		};
		2432195728C7F7D100CBDE08 /* Release */ = {
			isa = XCBuildConfiguration;
			buildSettings = {
				ALWAYS_SEARCH_USER_PATHS = NO;
				CLANG_ANALYZER_NONNULL = YES;
				CLANG_ANALYZER_NUMBER_OBJECT_CONVERSION = YES_AGGRESSIVE;
				CLANG_CXX_LANGUAGE_STANDARD = "gnu++17";
				CLANG_ENABLE_MODULES = YES;
				CLANG_ENABLE_OBJC_ARC = YES;
				CLANG_ENABLE_OBJC_WEAK = YES;
				CLANG_WARN_BLOCK_CAPTURE_AUTORELEASING = YES;
				CLANG_WARN_BOOL_CONVERSION = YES;
				CLANG_WARN_COMMA = YES;
				CLANG_WARN_CONSTANT_CONVERSION = YES;
				CLANG_WARN_DEPRECATED_OBJC_IMPLEMENTATIONS = YES;
				CLANG_WARN_DIRECT_OBJC_ISA_USAGE = YES_ERROR;
				CLANG_WARN_DOCUMENTATION_COMMENTS = YES;
				CLANG_WARN_EMPTY_BODY = YES;
				CLANG_WARN_ENUM_CONVERSION = YES;
				CLANG_WARN_INFINITE_RECURSION = YES;
				CLANG_WARN_INT_CONVERSION = YES;
				CLANG_WARN_NON_LITERAL_NULL_CONVERSION = YES;
				CLANG_WARN_OBJC_IMPLICIT_RETAIN_SELF = YES;
				CLANG_WARN_OBJC_LITERAL_CONVERSION = YES;
				CLANG_WARN_OBJC_ROOT_CLASS = YES_ERROR;
				CLANG_WARN_QUOTED_INCLUDE_IN_FRAMEWORK_HEADER = YES;
				CLANG_WARN_RANGE_LOOP_ANALYSIS = YES;
				CLANG_WARN_STRICT_PROTOTYPES = YES;
				CLANG_WARN_SUSPICIOUS_MOVE = YES;
				CLANG_WARN_UNGUARDED_AVAILABILITY = YES_AGGRESSIVE;
				CLANG_WARN_UNREACHABLE_CODE = YES;
				CLANG_WARN__DUPLICATE_METHOD_MATCH = YES;
				COPY_PHASE_STRIP = NO;
				DEBUG_INFORMATION_FORMAT = "dwarf-with-dsym";
				ENABLE_NS_ASSERTIONS = NO;
				ENABLE_STRICT_OBJC_MSGSEND = YES;
				GCC_C_LANGUAGE_STANDARD = gnu11;
				GCC_NO_COMMON_BLOCKS = YES;
				GCC_WARN_64_TO_32_BIT_CONVERSION = YES;
				GCC_WARN_ABOUT_RETURN_TYPE = YES_ERROR;
				GCC_WARN_UNDECLARED_SELECTOR = YES;
				GCC_WARN_UNINITIALIZED_AUTOS = YES_AGGRESSIVE;
				GCC_WARN_UNUSED_FUNCTION = YES;
				GCC_WARN_UNUSED_VARIABLE = YES;
				IPHONEOS_DEPLOYMENT_TARGET = 15.5;
				MTL_ENABLE_DEBUG_INFO = NO;
				MTL_FAST_MATH = YES;
				SDKROOT = iphoneos;
				SWIFT_COMPILATION_MODE = wholemodule;
				SWIFT_OPTIMIZATION_LEVEL = "-O";
				VALIDATE_PRODUCT = YES;
			};
			name = Release;
		};
		2432195928C7F7D100CBDE08 /* Debug */ = {
			isa = XCBuildConfiguration;
			buildSettings = {
				ASSETCATALOG_COMPILER_APPICON_NAME = AppIcon;
				ASSETCATALOG_COMPILER_GLOBAL_ACCENT_COLOR_NAME = AccentColor;
				CODE_SIGN_STYLE = Automatic;
				CURRENT_PROJECT_VERSION = 1;
				GENERATE_INFOPLIST_FILE = YES;
				INFOPLIST_FILE = "I am rich/Info.plist";
				INFOPLIST_KEY_UIApplicationSupportsIndirectInputEvents = YES;
				INFOPLIST_KEY_UILaunchStoryboardName = LaunchScreen;
				INFOPLIST_KEY_UIMainStoryboardFile = Main;
				INFOPLIST_KEY_UISupportedInterfaceOrientations_iPad = "UIInterfaceOrientationPortrait UIInterfaceOrientationPortraitUpsideDown UIInterfaceOrientationLandscapeLeft UIInterfaceOrientationLandscapeRight";
				INFOPLIST_KEY_UISupportedInterfaceOrientations_iPhone = "UIInterfaceOrientationPortrait UIInterfaceOrientationLandscapeLeft UIInterfaceOrientationLandscapeRight";
				LD_RUNPATH_SEARCH_PATHS = (
					"$(inherited)",
					"@executable_path/Frameworks",
				);
				MARKETING_VERSION = 1.0;
				PRODUCT_BUNDLE_IDENTIFIER = "com.andrewreardigan.I-am-rich";
				PRODUCT_NAME = "$(TARGET_NAME)";
				SWIFT_EMIT_LOC_STRINGS = YES;
				SWIFT_VERSION = 5.0;
				TARGETED_DEVICE_FAMILY = "1,2";
			};
			name = Debug;
		};
		2432195A28C7F7D100CBDE08 /* Release */ = {
			isa = XCBuildConfiguration;
			buildSettings = {
				ASSETCATALOG_COMPILER_APPICON_NAME = AppIcon;
				ASSETCATALOG_COMPILER_GLOBAL_ACCENT_COLOR_NAME = AccentColor;
				CODE_SIGN_STYLE = Automatic;
				CURRENT_PROJECT_VERSION = 1;
				GENERATE_INFOPLIST_FILE = YES;
				INFOPLIST_FILE = "I am rich/Info.plist";
				INFOPLIST_KEY_UIApplicationSupportsIndirectInputEvents = YES;
				INFOPLIST_KEY_UILaunchStoryboardName = LaunchScreen;
				INFOPLIST_KEY_UIMainStoryboardFile = Main;
				INFOPLIST_KEY_UISupportedInterfaceOrientations_iPad = "UIInterfaceOrientationPortrait UIInterfaceOrientationPortraitUpsideDown UIInterfaceOrientationLandscapeLeft UIInterfaceOrientationLandscapeRight";
				INFOPLIST_KEY_UISupportedInterfaceOrientations_iPhone = "UIInterfaceOrientationPortrait UIInterfaceOrientationLandscapeLeft UIInterfaceOrientationLandscapeRight";
				LD_RUNPATH_SEARCH_PATHS = (
					"$(inherited)",
					"@executable_path/Frameworks",
				);
				MARKETING_VERSION = 1.0;
				PRODUCT_BUNDLE_IDENTIFIER = "com.andrewreardigan.I-am-rich";
				PRODUCT_NAME = "$(TARGET_NAME)";
				SWIFT_EMIT_LOC_STRINGS = YES;
				SWIFT_VERSION = 5.0;
				TARGETED_DEVICE_FAMILY = "1,2";
			};
			name = Release;
		};
		2432195C28C7F7D100CBDE08 /* Debug */ = {
			isa = XCBuildConfiguration;
			buildSettings = {
				ALWAYS_EMBED_SWIFT_STANDARD_LIBRARIES = YES;
				BUNDLE_LOADER = "$(TEST_HOST)";
				CODE_SIGN_STYLE = Automatic;
				CURRENT_PROJECT_VERSION = 1;
				GENERATE_INFOPLIST_FILE = YES;
				IPHONEOS_DEPLOYMENT_TARGET = 15.5;
				MARKETING_VERSION = 1.0;
				PRODUCT_BUNDLE_IDENTIFIER = "com.andrewreardigan.I-am-richTests";
				PRODUCT_NAME = "$(TARGET_NAME)";
				SWIFT_EMIT_LOC_STRINGS = NO;
				SWIFT_VERSION = 5.0;
				TARGETED_DEVICE_FAMILY = "1,2";
				TEST_HOST = "$(BUILT_PRODUCTS_DIR)/I am rich.app/I am rich";
			};
			name = Debug;
		};
		2432195D28C7F7D100CBDE08 /* Release */ = {
			isa = XCBuildConfiguration;
			buildSettings = {
				ALWAYS_EMBED_SWIFT_STANDARD_LIBRARIES = YES;
				BUNDLE_LOADER = "$(TEST_HOST)";
				CODE_SIGN_STYLE = Automatic;
				CURRENT_PROJECT_VERSION = 1;
				GENERATE_INFOPLIST_FILE = YES;
				IPHONEOS_DEPLOYMENT_TARGET = 15.5;
				MARKETING_VERSION = 1.0;
				PRODUCT_BUNDLE_IDENTIFIER = "com.andrewreardigan.I-am-richTests";
				PRODUCT_NAME = "$(TARGET_NAME)";
				SWIFT_EMIT_LOC_STRINGS = NO;
				SWIFT_VERSION = 5.0;
				TARGETED_DEVICE_FAMILY = "1,2";
				TEST_HOST = "$(BUILT_PRODUCTS_DIR)/I am rich.app/I am rich";
			};
			name = Release;
		};
		2432195F28C7F7D100CBDE08 /* Debug */ = {
			isa = XCBuildConfiguration;
			buildSettings = {
				ALWAYS_EMBED_SWIFT_STANDARD_LIBRARIES = YES;
				CODE_SIGN_STYLE = Automatic;
				CURRENT_PROJECT_VERSION = 1;
				GENERATE_INFOPLIST_FILE = YES;
				MARKETING_VERSION = 1.0;
				PRODUCT_BUNDLE_IDENTIFIER = "com.andrewreardigan.I-am-richUITests";
				PRODUCT_NAME = "$(TARGET_NAME)";
				SWIFT_EMIT_LOC_STRINGS = NO;
				SWIFT_VERSION = 5.0;
				TARGETED_DEVICE_FAMILY = "1,2";
				TEST_TARGET_NAME = "I am rich";
			};
			name = Debug;
		};
		2432196028C7F7D100CBDE08 /* Release */ = {
			isa = XCBuildConfiguration;
			buildSettings = {
				ALWAYS_EMBED_SWIFT_STANDARD_LIBRARIES = YES;
				CODE_SIGN_STYLE = Automatic;
				CURRENT_PROJECT_VERSION = 1;
				GENERATE_INFOPLIST_FILE = YES;
				MARKETING_VERSION = 1.0;
				PRODUCT_BUNDLE_IDENTIFIER = "com.andrewreardigan.I-am-richUITests";
				PRODUCT_NAME = "$(TARGET_NAME)";
				SWIFT_EMIT_LOC_STRINGS = NO;
				SWIFT_VERSION = 5.0;
				TARGETED_DEVICE_FAMILY = "1,2";
				TEST_TARGET_NAME = "I am rich";
			};
			name = Release;
		};
/* End XCBuildConfiguration section */

/* Begin XCConfigurationList section */
		2432192928C7F7CF00CBDE08 /* Build configuration list for PBXProject "I am rich" */ = {
			isa = XCConfigurationList;
			buildConfigurations = (
				2432195628C7F7D100CBDE08 /* Debug */,
				2432195728C7F7D100CBDE08 /* Release */,
			);
			defaultConfigurationIsVisible = 0;
			defaultConfigurationName = Release;
		};
		2432195828C7F7D100CBDE08 /* Build configuration list for PBXNativeTarget "I am rich" */ = {
			isa = XCConfigurationList;
			buildConfigurations = (
				2432195928C7F7D100CBDE08 /* Debug */,
				2432195A28C7F7D100CBDE08 /* Release */,
			);
			defaultConfigurationIsVisible = 0;
			defaultConfigurationName = Release;
		};
		2432195B28C7F7D100CBDE08 /* Build configuration list for PBXNativeTarget "I am richTests" */ = {
			isa = XCConfigurationList;
			buildConfigurations = (
				2432195C28C7F7D100CBDE08 /* Debug */,
				2432195D28C7F7D100CBDE08 /* Release */,
			);
			defaultConfigurationIsVisible = 0;
			defaultConfigurationName = Release;
		};
		2432195E28C7F7D100CBDE08 /* Build configuration list for PBXNativeTarget "I am richUITests" */ = {
			isa = XCConfigurationList;
			buildConfigurations = (
				2432195F28C7F7D100CBDE08 /* Debug */,
				2432196028C7F7D100CBDE08 /* Release */,
			);
			defaultConfigurationIsVisible = 0;
			defaultConfigurationName = Release;
		};
/* End XCConfigurationList section */
	};
	rootObject = 2432192628C7F7CF00CBDE08 /* Project object */;
}
